
Microsoft Visual Studio Solution File, Format Version 12.00
# Visual Studio Version 17
VisualStudioVersion = 17.4.33122.133
MinimumVisualStudioVersion = 10.0.40219.1
Project("{FAE04EC0-301F-11D3-BF4B-00C04F79EFBC}") = "fiboncci", "fiboncci\fiboncci.csproj", "{47492C5E-2B20-4242-AB34-32435184F217}"
EndProject
Global
	GlobalSection(SolutionConfigurationPlatforms) = preSolution
		Debug|Any CPU = Debug|Any CPU
		Release|Any CPU = Release|Any CPU
	EndGlobalSection
	GlobalSection(ProjectConfigurationPlatforms) = postSolution
		{47492C5E-2B20-4242-AB34-32435184F217}.Debug|Any CPU.ActiveCfg = Debug|Any CPU
		{47492C5E-2B20-4242-AB34-32435184F217}.Debug|Any CPU.Build.0 = Debug|Any CPU
		{47492C5E-2B20-4242-AB34-32435184F217}.Release|Any CPU.ActiveCfg = Release|Any CPU
		{47492C5E-2B20-4242-AB34-32435184F217}.Release|Any CPU.Build.0 = Release|Any CPU
	EndGlobalSection
	GlobalSection(SolutionProperties) = preSolution
		HideSolutionNode = FALSE
	EndGlobalSection
	GlobalSection(ExtensibilityGlobals) = postSolution
		SolutionGuid = {29507D68-BCA8-4F4D-8817-6E01DFF43AE4}
	EndGlobalSection
EndGlobal
